// !$*UTF8*$!
{
	archiveVersion = 1;
	classes = {
	};
	objectVersion = 46;
	objects = {

/* Begin PBXBuildFile section */
		A89348571B35EB8600949AB3 /* main.cpp in Sources */ = {isa = PBXBuildFile; fileRef = A89348561B35EB8600949AB3 /* main.cpp */; };
/* End PBXBuildFile section */

/* Begin PBXCopyFilesBuildPhase section */
		A89348511B35EB8600949AB3 /* CopyFiles */ = {
			isa = PBXCopyFilesBuildPhase;
			buildActionMask = 2147483647;
			dstPath = /usr/share/man/man1/;
			dstSubfolderSpec = 0;
			files = (
			);
			runOnlyForDeploymentPostprocessing = 1;
		};
/* End PBXCopyFilesBuildPhase section */

/* Begin PBXFileReference section */
		A89348531B35EB8600949AB3 /* Blob Detection */ = {isa = PBXFileReference; explicitFileType = "compiled.mach-o.executable"; includeInIndex = 0; path = "Blob Detection"; sourceTree = BUILT_PRODUCTS_DIR; };
		A89348561B35EB8600949AB3 /* main.cpp */ = {isa = PBXFileReference; lastKnownFileType = sourcecode.cpp.cpp; path = main.cpp; sourceTree = "<group>"; };
		A893485D1B35EBD500949AB3 /* CImg.h */ = {isa = PBXFileReference; fileEncoding = 4; lastKnownFileType = sourcecode.c.h; path = CImg.h; sourceTree = "<group>"; };
		A89348631B368EBC00949AB3 /* hydrant.jpg */ = {isa = PBXFileReference; lastKnownFileType = image.jpeg; path = hydrant.jpg; sourceTree = "<group>"; };
		A8F9BF581B37345900BE8FD7 /* colors.txt */ = {isa = PBXFileReference; fileEncoding = 4; lastKnownFileType = text; path = colors.txt; sourceTree = "<group>"; };
/* End PBXFileReference section */

/* Begin PBXFrameworksBuildPhase section */
		A89348501B35EB8600949AB3 /* Frameworks */ = {
			isa = PBXFrameworksBuildPhase;
			buildActionMask = 2147483647;
			files = (
			);
			runOnlyForDeploymentPostprocessing = 0;
		};
/* End PBXFrameworksBuildPhase section */

/* Begin PBXGroup section */
		A893484A1B35EB8600949AB3 = {
			isa = PBXGroup;
			children = (
				A89348551B35EB8600949AB3 /* Blob Detection */,
				A89348541B35EB8600949AB3 /* Products */,
			);
			sourceTree = "<group>";
		};
		A89348541B35EB8600949AB3 /* Products */ = {
			isa = PBXGroup;
			children = (
				A89348531B35EB8600949AB3 /* Blob Detection */,
			);
			name = Products;
			sourceTree = "<group>";
		};
		A89348551B35EB8600949AB3 /* Blob Detection */ = {
			isa = PBXGroup;
			children = (
				A89348631B368EBC00949AB3 /* hydrant.jpg */,
				A893485D1B35EBD500949AB3 /* CImg.h */,
				A89348561B35EB8600949AB3 /* main.cpp */,
				A8F9BF581B37345900BE8FD7 /* colors.txt */,
			);
			path = "Blob Detection";
			sourceTree = "<group>";
		};
/* End PBXGroup section */

/* Begin PBXNativeTarget section */
		A89348521B35EB8600949AB3 /* Blob Detection */ = {
			isa = PBXNativeTarget;
			buildConfigurationList = A893485A1B35EB8600949AB3 /* Build configuration list for PBXNativeTarget "Blob Detection" */;
			buildPhases = (
				A893484F1B35EB8600949AB3 /* Sources */,
				A89348501B35EB8600949AB3 /* Frameworks */,
				A89348511B35EB8600949AB3 /* CopyFiles */,
			);
			buildRules = (
			);
			dependencies = (
			);
			name = "Blob Detection";
			productName = "Image Processing";
			productReference = A89348531B35EB8600949AB3 /* Blob Detection */;
			productType = "com.apple.product-type.tool";
		};
/* End PBXNativeTarget section */

/* Begin PBXProject section */
		A893484B1B35EB8600949AB3 /* Project object */ = {
			isa = PBXProject;
			attributes = {
				LastUpgradeCheck = 0630;
				ORGANIZATIONNAME = "Idean Labib";
				TargetAttributes = {
					A89348521B35EB8600949AB3 = {
						CreatedOnToolsVersion = 6.3.2;
					};
				};
			};
			buildConfigurationList = A893484E1B35EB8600949AB3 /* Build configuration list for PBXProject "Blob Detection" */;
			compatibilityVersion = "Xcode 3.2";
			developmentRegion = English;
			hasScannedForEncodings = 0;
			knownRegions = (
				en,
			);
			mainGroup = A893484A1B35EB8600949AB3;
			productRefGroup = A89348541B35EB8600949AB3 /* Products */;
			projectDirPath = "";
			projectRoot = "";
			targets = (
				A89348521B35EB8600949AB3 /* Blob Detection */,
			);
		};
/* End PBXProject section */

/* Begin PBXSourcesBuildPhase section */
		A893484F1B35EB8600949AB3 /* Sources */ = {
			isa = PBXSourcesBuildPhase;
			buildActionMask = 2147483647;
			files = (
				A89348571B35EB8600949AB3 /* main.cpp in Sources */,
			);
			runOnlyForDeploymentPostprocessing = 0;
		};
/* End PBXSourcesBuildPhase section */

/* Begin XCBuildConfiguration section */
		A89348581B35EB8600949AB3 /* Debug */ = {
			isa = XCBuildConfiguration;
			buildSettings = {
				ALWAYS_SEARCH_USER_PATHS = NO;
				CLANG_CXX_LANGUAGE_STANDARD = "gnu++0x";
				CLANG_CXX_LIBRARY = "libc++";
				CLANG_ENABLE_MODULES = YES;
				CLANG_ENABLE_OBJC_ARC = YES;
				CLANG_WARN_BOOL_CONVERSION = YES;
				CLANG_WARN_CONSTANT_CONVERSION = YES;
				CLANG_WARN_DIRECT_OBJC_ISA_USAGE = YES_ERROR;
				CLANG_WARN_EMPTY_BODY = YES;
				CLANG_WARN_ENUM_CONVERSION = YES;
				CLANG_WARN_INT_CONVERSION = YES;
				CLANG_WARN_OBJC_ROOT_CLASS = YES_ERROR;
				CLANG_WARN_UNREACHABLE_CODE = YES;
				CLANG_WARN__DUPLICATE_METHOD_MATCH = YES;
				COPY_PHASE_STRIP = NO;
				DEBUG_INFORMATION_FORMAT = dwarf;
				ENABLE_STRICT_OBJC_MSGSEND = YES;
				GCC_C_LANGUAGE_STANDARD = gnu99;
				GCC_DYNAMIC_NO_PIC = NO;
				GCC_NO_COMMON_BLOCKS = YES;
				GCC_OPTIMIZATION_LEVEL = 0;
				GCC_PREPROCESSOR_DEFINITIONS = (
					"DEBUG=1",
					"$(inherited)",
				);
				GCC_SYMBOLS_PRIVATE_EXTERN = NO;
				GCC_WARN_64_TO_32_BIT_CONVERSION = YES;
				GCC_WARN_ABOUT_RETURN_TYPE = YES_ERROR;
				GCC_WARN_UNDECLARED_SELECTOR = YES;
				GCC_WARN_UNINITIALIZED_AUTOS = YES_AGGRESSIVE;
				GCC_WARN_UNUSED_FUNCTION = YES;
				GCC_WARN_UNUSED_VARIABLE = YES;
				HEADER_SEARCH_PATHS = (
					"/Library/Java/JavaVirtualMachines/jdk1.7.0_71.jdk/Contents/Home/include/**",
					"/usr/local/opt/opencv3/include/**",
				);
				LIBRARY_SEARCH_PATHS = /usr/local/opt/opencv3/lib;
				MACOSX_DEPLOYMENT_TARGET = 10.10;
				MTL_ENABLE_DEBUG_INFO = YES;
				ONLY_ACTIVE_ARCH = YES;
				SDKROOT = macosx;
			};
			name = Debug;
		};
		A89348591B35EB8600949AB3 /* Release */ = {
			isa = XCBuildConfiguration;
			buildSettings = {
				ALWAYS_SEARCH_USER_PATHS = NO;
				CLANG_CXX_LANGUAGE_STANDARD = "gnu++0x";
				CLANG_CXX_LIBRARY = "libc++";
				CLANG_ENABLE_MODULES = YES;
				CLANG_ENABLE_OBJC_ARC = YES;
				CLANG_WARN_BOOL_CONVERSION = YES;
				CLANG_WARN_CONSTANT_CONVERSION = YES;
				CLANG_WARN_DIRECT_OBJC_ISA_USAGE = YES_ERROR;
				CLANG_WARN_EMPTY_BODY = YES;
				CLANG_WARN_ENUM_CONVERSION = YES;
				CLANG_WARN_INT_CONVERSION = YES;
				CLANG_WARN_OBJC_ROOT_CLASS = YES_ERROR;
				CLANG_WARN_UNREACHABLE_CODE = YES;
				CLANG_WARN__DUPLICATE_METHOD_MATCH = YES;
				COPY_PHASE_STRIP = NO;
				DEBUG_INFORMATION_FORMAT = "dwarf-with-dsym";
				ENABLE_NS_ASSERTIONS = NO;
				ENABLE_STRICT_OBJC_MSGSEND = YES;
				GCC_C_LANGUAGE_STANDARD = gnu99;
				GCC_NO_COMMON_BLOCKS = YES;
				GCC_WARN_64_TO_32_BIT_CONVERSION = YES;
				GCC_WARN_ABOUT_RETURN_TYPE = YES_ERROR;
				GCC_WARN_UNDECLARED_SELECTOR = YES;
				GCC_WARN_UNINITIALIZED_AUTOS = YES_AGGRESSIVE;
				GCC_WARN_UNUSED_FUNCTION = YES;
				GCC_WARN_UNUSED_VARIABLE = YES;
				HEADER_SEARCH_PATHS = (
					"/Library/Java/JavaVirtualMachines/jdk1.7.0_71.jdk/Contents/Home/include/**",
					"/usr/local/opt/opencv3/include/**",
				);
				LIBRARY_SEARCH_PATHS = /usr/local/opt/opencv3/lib;
				MACOSX_DEPLOYMENT_TARGET = 10.10;
				MTL_ENABLE_DEBUG_INFO = NO;
				SDKROOT = macosx;
			};
			name = Release;
		};
		A893485B1B35EB8600949AB3 /* Debug */ = {
			isa = XCBuildConfiguration;
			buildSettings = {
				"HEADER_SEARCH_PATHS[arch=*]" = (
					"$(inherited)",
					/Applications/Xcode.app/Contents/Developer/Toolchains/XcodeDefault.xctoolchain/usr/include,
					/opt/X11/include,
				);
				OTHER_LDFLAGS = (
					"-L/opt/X11/lib",
					"-lX11",
				);
				PRODUCT_NAME = "Blob Detection";
			};
			name = Debug;
		};
		A893485C1B35EB8600949AB3 /* Release */ = {
			isa = XCBuildConfiguration;
			buildSettings = {
				OTHER_LDFLAGS = (
					"-L/opt/X11/lib",
					"-lX11",
				);
				PRODUCT_NAME = "Blob Detection";
			};
			name = Release;
		};
/* End XCBuildConfiguration section */

/* Begin XCConfigurationList section */
		A893484E1B35EB8600949AB3 /* Build configuration list for PBXProject "Blob Detection" */ = {
			isa = XCConfigurationList;
			buildConfigurations = (
				A89348581B35EB8600949AB3 /* Debug */,
				A89348591B35EB8600949AB3 /* Release */,
			);
			defaultConfigurationIsVisible = 0;
			defaultConfigurationName = Release;
		};
		A893485A1B35EB8600949AB3 /* Build configuration list for PBXNativeTarget "Blob Detection" */ = {
			isa = XCConfigurationList;
			buildConfigurations = (
				A893485B1B35EB8600949AB3 /* Debug */,
				A893485C1B35EB8600949AB3 /* Release */,
			);
			defaultConfigurationIsVisible = 0;
			defaultConfigurationName = Release;
		};
/* End XCConfigurationList section */
	};
	rootObject = A893484B1B35EB8600949AB3 /* Project object */;
}
